# Baker applied_migrations.lock — sha256 snapshot of prod-applied migrations.
# DO NOT edit by hand. Refresh after applying a new migration to prod with:
#   DATABASE_URL=$PROD_URL python3 scripts/refresh_applied_migrations_lock.py
# Format: <sha256>  <filename>   (compatible with `shasum -a 256 -c`)
# Initial seed: 2026-05-01 from prod schema_migrations (24 entries).
d13f8bb4b02fdbdda7e5107c9db5d7b619f6f354916275c6023395b2800aab43  20260418_expand_signal_queue_status_check.sql
2e3ae2f14365dad4f0b2a77c7755b574d41a4ac893c2795a36bfaa93f17c93a6  20260418_loop_infrastructure.sql
4ab8c5101de658a6d63947de524646447db3cce5e6c65ad3c94f1897dd7adf76  20260418_step1_signal_queue_columns.sql
063be65fb677c5be245e8a01309ca3afd2ba759ea4da27374d53ee6d1558ca90  20260418_step2_resolved_thread_paths.sql
952576b2fa3981f03e595a552393f2877155a49fb55da2f229fe21694670f12f  20260418_step3_signal_queue_extracted_entities.sql
9f85830afe2f481f0776314a0c844364bfc59dd995525c47977b43adec4fcc5b  20260418_step4_signal_queue_step5_decision.sql
8a495b39190f4a2c824cd9e12096284032c0a894dd39f6b91669498f2d0dc106  20260419_add_kbl_cost_ledger_and_kbl_log.sql
9777da7e4300261c2bdc09e4cb034b81cbe44d1fd2e5c195db24a0c0342fac7e  20260419_mac_mini_heartbeat.sql
9e8826d12039060772d19a9bd6949eea8a40dd9d58a0841a761e3c8a08cfb160  20260419_step5_signal_queue_opus_draft.sql
7268878c626b4778734db500f3d220dc0ba733d455fc5763633cea30e8e4451b  20260419_step6_kbl_cross_link_queue.sql
6a86e3e9dd4ae2d5cd5e29eb85100da4815980915d17ecfb8243ac3c64eb18e7  20260419_step6_signal_queue_final_markdown.sql
a6902ebb3a39aa123a4f454d4f90d97e61d342275f5c41e1a0c262ef5190a072  20260420_rss_feeds_language_column.sql
fb8c0306dbe5a23e9e0b60403be69e820402581236594203ca01207274c8bf0f  20260421_signal_queue_hot_md_match.sql
ef1aa2135e6b69657b5d5bc252cf67f0fe15e5b78dad95f65da0bfb4c5d294d9  20260421b_alter_hot_md_match_to_text.sql
1745b88b025560ccda4132b0a3c5774d144ba059314882dc0b679345427bd1a5  20260424_capability_threads.sql
6c1437e3a72e2d9ca4af0ea2a02a8315e06298c3ab1efb2b0275d327b38788b6  20260425_sentinel_schema.sql
6bc196791c7af865c85ffa2bd4616dc6aba39595140c5aa9ff3152155913284f  20260426_amex_recurrence.sql
aa50108797eddcd6cd4269dbcc2a804d934b0487bf8bddde39aa9495bbb64ce4  20260426_branch_hygiene_log.sql
8f9128c7e3b5787ab4f4499954df9b348cf8d9b4ed0ab5361e2117fbde482bc1  20260426_gold_audits.sql
c45ea2b038ff25c0ce758c578af6721aefaa5830d6f35f2f729f192f19e5db7c  20260428_cortex_cycles.sql
fa4aaf1eb78adfbc7712ff6d09239b63836286d8d5cd1fe1ea4895c672f12952  20260428_cortex_phase_outputs.sql
bb3941e04db64dbd3ca1538feffb5acc04e2539e4cec3f07d08cfc2c1e575ca3  20260429_cortex_cycles_add_archive_failed_status.sql
3aeaf2006b7936ea50f589c7eb8aa5e62995160e2d4c22550697b03c4d9e4141  20260429_cortex_cycles_add_transient_statuses.sql
8ef277baa6f1c980ac6f7846b0830144ca810a71d4fcca74dfb1f4d1d8b481ec  20260430_cortex_directives.sql
