# Baker applied_migrations.lock — sha256 snapshot of prod-applied migrations.
# DO NOT edit by hand. Refresh after applying a new migration to prod with:
#   DATABASE_URL=$PROD_URL python3 scripts/refresh_applied_migrations_lock.py
# Format: <sha256>  <filename>   (compatible with `shasum -a 256 -c`)
d13f8bb4b02fdbdda7e5107c9db5d7b619f6f354916275c6023395b2800aab43  20260418_expand_signal_queue_status_check.sql
2e3ae2f14365dad4f0b2a77c7755b574d41a4ac893c2795a36bfaa93f17c93a6  20260418_loop_infrastructure.sql
4ab8c5101de658a6d63947de524646447db3cce5e6c65ad3c94f1897dd7adf76  20260418_step1_signal_queue_columns.sql
063be65fb677c5be245e8a01309ca3afd2ba759ea4da27374d53ee6d1558ca90  20260418_step2_resolved_thread_paths.sql
952576b2fa3981f03e595a552393f2877155a49fb55da2f229fe21694670f12f  20260418_step3_signal_queue_extracted_entities.sql
9f85830afe2f481f0776314a0c844364bfc59dd995525c47977b43adec4fcc5b  20260418_step4_signal_queue_step5_decision.sql
8a495b39190f4a2c824cd9e12096284032c0a894dd39f6b91669498f2d0dc106  20260419_add_kbl_cost_ledger_and_kbl_log.sql
9777da7e4300261c2bdc09e4cb034b81cbe44d1fd2e5c195db24a0c0342fac7e  20260419_mac_mini_heartbeat.sql
9e8826d12039060772d19a9bd6949eea8a40dd9d58a0841a761e3c8a08cfb160  20260419_step5_signal_queue_opus_draft.sql
7268878c626b4778734db500f3d220dc0ba733d455fc5763633cea30e8e4451b  20260419_step6_kbl_cross_link_queue.sql
6a86e3e9dd4ae2d5cd5e29eb85100da4815980915d17ecfb8243ac3c64eb18e7  20260419_step6_signal_queue_final_markdown.sql
a6902ebb3a39aa123a4f454d4f90d97e61d342275f5c41e1a0c262ef5190a072  20260420_rss_feeds_language_column.sql
fb8c0306dbe5a23e9e0b60403be69e820402581236594203ca01207274c8bf0f  20260421_signal_queue_hot_md_match.sql
ef1aa2135e6b69657b5d5bc252cf67f0fe15e5b78dad95f65da0bfb4c5d294d9  20260421b_alter_hot_md_match_to_text.sql
1745b88b025560ccda4132b0a3c5774d144ba059314882dc0b679345427bd1a5  20260424_capability_threads.sql
6c1437e3a72e2d9ca4af0ea2a02a8315e06298c3ab1efb2b0275d327b38788b6  20260425_sentinel_schema.sql
6bc196791c7af865c85ffa2bd4616dc6aba39595140c5aa9ff3152155913284f  20260426_amex_recurrence.sql
aa50108797eddcd6cd4269dbcc2a804d934b0487bf8bddde39aa9495bbb64ce4  20260426_branch_hygiene_log.sql
8f9128c7e3b5787ab4f4499954df9b348cf8d9b4ed0ab5361e2117fbde482bc1  20260426_gold_audits.sql
c45ea2b038ff25c0ce758c578af6721aefaa5830d6f35f2f729f192f19e5db7c  20260428_cortex_cycles.sql
fa4aaf1eb78adfbc7712ff6d09239b63836286d8d5cd1fe1ea4895c672f12952  20260428_cortex_phase_outputs.sql
bb3941e04db64dbd3ca1538feffb5acc04e2539e4cec3f07d08cfc2c1e575ca3  20260429_cortex_cycles_add_archive_failed_status.sql
3aeaf2006b7936ea50f589c7eb8aa5e62995160e2d4c22550697b03c4d9e4141  20260429_cortex_cycles_add_transient_statuses.sql
8ef277baa6f1c980ac6f7846b0830144ca810a71d4fcca74dfb1f4d1d8b481ec  20260430_cortex_directives.sql
e08718a7e076a68abca36974f0397bd2abacdeedec90d90a2d8971603521cc8d  20260505_140000_api_cost_log_cache_columns.sql
c0fc520542d191520012853c9a81d901dfe58bc67127b01e001d351111e7cd69  20260505_api_cost_log_matter_slug.sql
be4945f4097a67565ca1ba33b22029b3c540207a2e47a862bfcc9d5c887a8fa9  20260505b_cost_alert_state.sql
6481c043576b968e50edd892ef20df00416d8db0ff259e902cdae917dcf9b3e9  20260510_baker_actions_tier_b_runtime.sql
f6bc25d9a2f566b5dd4d09ea0affb28c049ce539416c4dcc10ecb32adb960c60  20260511_baker_actions_reservation.sql
a3e65fb00da7cf35861b5e40d2694e8b5ada43be8fb94d58020beb1dd2d27388  20260513_scanner_run_log.sql
26af069727b8d3abcc0d8aa53042a6d67703d1d884e19c1ac4d6c8a39b69e877  20260513b_deadline_feedback.sql
bc57aae806f8839fd5ef9297bcbc9c0f6b2bba82c9af502aaf37d2eb4ec95c66  20260517_claimsmax_capability_set.sql
484efce06017ea074fd305229194b428b022aff975de574b9a6da63e5b1e49de  20260517_grok_capability_set.sql
344c81a1d720095f82dc0ed34f6ccb9a72ed6fb26e85286e3cedb521fbbb1bc2  20260518_capability_sets_archive_no_trigger_patterns.sql
f17cff4a40cb3d583ee0be0630ef426dfca0770cf8e737234d9013147f07a9b9  20260518_cortex_cycles_add_last_nudge_at.sql
f2e6c2047d913673d854110e5da8e0129e3be050bbb97eafddd27a5f11348d1d  20260522_meeting_transcripts_matter_slug.sql
864fe086e0d2818d51536e9454e870361e970733b053820d94d818f5b0f30d8c  20260524_hagenauer_rg7_reclassify.sql
71ab63a25dc5549d4d003677a10c67446f8d1a2a098d4a028589998627cb3acc  20260524_transcript_slices.sql
2a2672a40f2c5050fa7a608201c02e40144655a3f6af40a71814b4f76dc1f284  20260530_research_proposals_matter_slug.sql
f7d28abc79d1563e94c7ce114229a150cc4a14b3580ff02202efbd9f83f360a2  20260606_documents_ocr_status.sql
